
Microsoft Visual Studio Solution File, Format Version 11.00
# Visual Studio 2010
Project("{FAE04EC0-301F-11D3-BF4B-00C04F79EFBC}") = "Dragonfly", "Dragonfly\Dragonfly\Dragonfly.csproj", "{FFB91CF4-2013-4857-943B-7CBA76250242}"
EndProject
Project("{FAE04EC0-301F-11D3-BF4B-00C04F79EFBC}") = "DragonflyContent", "Dragonfly\DragonflyContent\DragonflyContent.contentproj", "{0548AD60-D055-4250-8D70-17382BD381CE}"
EndProject
Project("{FAE04EC0-301F-11D3-BF4B-00C04F79EFBC}") = "Dragonfly.Models", "Dragonfly.Models\Dragonfly.Models.csproj", "{E90ECD1A-E0AF-4271-B6A0-87382720A075}"
EndProject
Project("{2150E333-8FDC-42A3-9474-1A3956D46DE8}") = "Solution Items", "Solution Items", "{FDAC481B-E743-4AF3-8CE6-873BA35273F9}"
EndProject
Project("{FAE04EC0-301F-11D3-BF4B-00C04F79EFBC}") = "Windows Copy of Dragonfly.Models", "Dragonfly.Models\Windows Copy of Dragonfly.Models.csproj", "{4D038C25-2159-46C9-A330-CE17D7AB3684}"
EndProject
Project("{FAE04EC0-301F-11D3-BF4B-00C04F79EFBC}") = "Dragonfly.Tests", "Dragonfly.Tests\Dragonfly.Tests.csproj", "{2EFFFC06-6FCF-4ACE-9E88-E68E938E87C2}"
EndProject
Global
	GlobalSection(SolutionConfigurationPlatforms) = preSolution
		Debug|Any CPU = Debug|Any CPU
		Debug|Mixed Platforms = Debug|Mixed Platforms
		Debug|Windows Phone = Debug|Windows Phone
		Debug|x86 = Debug|x86
		Debug|Xbox 360 = Debug|Xbox 360
		Release|Any CPU = Release|Any CPU
		Release|Mixed Platforms = Release|Mixed Platforms
		Release|Windows Phone = Release|Windows Phone
		Release|x86 = Release|x86
		Release|Xbox 360 = Release|Xbox 360
	EndGlobalSection
	GlobalSection(ProjectConfigurationPlatforms) = postSolution
		{FFB91CF4-2013-4857-943B-7CBA76250242}.Debug|Any CPU.ActiveCfg = Debug|Windows Phone
		{FFB91CF4-2013-4857-943B-7CBA76250242}.Debug|Mixed Platforms.ActiveCfg = Debug|Windows Phone
		{FFB91CF4-2013-4857-943B-7CBA76250242}.Debug|Mixed Platforms.Build.0 = Debug|Windows Phone
		{FFB91CF4-2013-4857-943B-7CBA76250242}.Debug|Mixed Platforms.Deploy.0 = Debug|Windows Phone
		{FFB91CF4-2013-4857-943B-7CBA76250242}.Debug|Windows Phone.ActiveCfg = Debug|Windows Phone
		{FFB91CF4-2013-4857-943B-7CBA76250242}.Debug|Windows Phone.Build.0 = Debug|Windows Phone
		{FFB91CF4-2013-4857-943B-7CBA76250242}.Debug|Windows Phone.Deploy.0 = Debug|Windows Phone
		{FFB91CF4-2013-4857-943B-7CBA76250242}.Debug|x86.ActiveCfg = Debug|Windows Phone
		{FFB91CF4-2013-4857-943B-7CBA76250242}.Debug|x86.Build.0 = Debug|Windows Phone
		{FFB91CF4-2013-4857-943B-7CBA76250242}.Debug|Xbox 360.ActiveCfg = Debug|Windows Phone
		{FFB91CF4-2013-4857-943B-7CBA76250242}.Debug|Xbox 360.Build.0 = Debug|Windows Phone
		{FFB91CF4-2013-4857-943B-7CBA76250242}.Release|Any CPU.ActiveCfg = Release|Windows Phone
		{FFB91CF4-2013-4857-943B-7CBA76250242}.Release|Mixed Platforms.ActiveCfg = Release|Windows Phone
		{FFB91CF4-2013-4857-943B-7CBA76250242}.Release|Mixed Platforms.Build.0 = Release|Windows Phone
		{FFB91CF4-2013-4857-943B-7CBA76250242}.Release|Mixed Platforms.Deploy.0 = Release|Windows Phone
		{FFB91CF4-2013-4857-943B-7CBA76250242}.Release|Windows Phone.ActiveCfg = Release|Windows Phone
		{FFB91CF4-2013-4857-943B-7CBA76250242}.Release|Windows Phone.Build.0 = Release|Windows Phone
		{FFB91CF4-2013-4857-943B-7CBA76250242}.Release|Windows Phone.Deploy.0 = Release|Windows Phone
		{FFB91CF4-2013-4857-943B-7CBA76250242}.Release|x86.ActiveCfg = Release|Windows Phone
		{FFB91CF4-2013-4857-943B-7CBA76250242}.Release|x86.Build.0 = Release|Windows Phone
		{FFB91CF4-2013-4857-943B-7CBA76250242}.Release|Xbox 360.ActiveCfg = Release|Windows Phone
		{FFB91CF4-2013-4857-943B-7CBA76250242}.Release|Xbox 360.Build.0 = Release|Windows Phone
		{0548AD60-D055-4250-8D70-17382BD381CE}.Debug|Any CPU.ActiveCfg = Debug|Windows Phone
		{0548AD60-D055-4250-8D70-17382BD381CE}.Debug|Mixed Platforms.ActiveCfg = Debug|Windows Phone
		{0548AD60-D055-4250-8D70-17382BD381CE}.Debug|Windows Phone.ActiveCfg = Debug|Windows Phone
		{0548AD60-D055-4250-8D70-17382BD381CE}.Debug|x86.ActiveCfg = Debug|Windows Phone
		{0548AD60-D055-4250-8D70-17382BD381CE}.Debug|Xbox 360.ActiveCfg = Debug|Windows Phone
		{0548AD60-D055-4250-8D70-17382BD381CE}.Release|Any CPU.ActiveCfg = Release|Windows Phone
		{0548AD60-D055-4250-8D70-17382BD381CE}.Release|Mixed Platforms.ActiveCfg = Release|Windows Phone
		{0548AD60-D055-4250-8D70-17382BD381CE}.Release|Windows Phone.ActiveCfg = Release|Windows Phone
		{0548AD60-D055-4250-8D70-17382BD381CE}.Release|x86.ActiveCfg = Release|Windows Phone
		{0548AD60-D055-4250-8D70-17382BD381CE}.Release|Xbox 360.ActiveCfg = Release|Windows Phone
		{E90ECD1A-E0AF-4271-B6A0-87382720A075}.Debug|Any CPU.ActiveCfg = Debug|Windows Phone
		{E90ECD1A-E0AF-4271-B6A0-87382720A075}.Debug|Mixed Platforms.ActiveCfg = Debug|Windows Phone
		{E90ECD1A-E0AF-4271-B6A0-87382720A075}.Debug|Mixed Platforms.Build.0 = Debug|Windows Phone
		{E90ECD1A-E0AF-4271-B6A0-87382720A075}.Debug|Windows Phone.ActiveCfg = Debug|Windows Phone
		{E90ECD1A-E0AF-4271-B6A0-87382720A075}.Debug|Windows Phone.Build.0 = Debug|Windows Phone
		{E90ECD1A-E0AF-4271-B6A0-87382720A075}.Debug|x86.ActiveCfg = Debug|Windows Phone
		{E90ECD1A-E0AF-4271-B6A0-87382720A075}.Debug|x86.Build.0 = Debug|Windows Phone
		{E90ECD1A-E0AF-4271-B6A0-87382720A075}.Debug|Xbox 360.ActiveCfg = Debug|Windows Phone
		{E90ECD1A-E0AF-4271-B6A0-87382720A075}.Debug|Xbox 360.Build.0 = Debug|Windows Phone
		{E90ECD1A-E0AF-4271-B6A0-87382720A075}.Release|Any CPU.ActiveCfg = Release|Windows Phone
		{E90ECD1A-E0AF-4271-B6A0-87382720A075}.Release|Mixed Platforms.ActiveCfg = Release|Windows Phone
		{E90ECD1A-E0AF-4271-B6A0-87382720A075}.Release|Mixed Platforms.Build.0 = Release|Windows Phone
		{E90ECD1A-E0AF-4271-B6A0-87382720A075}.Release|Windows Phone.ActiveCfg = Release|Windows Phone
		{E90ECD1A-E0AF-4271-B6A0-87382720A075}.Release|Windows Phone.Build.0 = Release|Windows Phone
		{E90ECD1A-E0AF-4271-B6A0-87382720A075}.Release|x86.ActiveCfg = Release|Windows Phone
		{E90ECD1A-E0AF-4271-B6A0-87382720A075}.Release|x86.Build.0 = Release|Windows Phone
		{E90ECD1A-E0AF-4271-B6A0-87382720A075}.Release|Xbox 360.ActiveCfg = Release|Windows Phone
		{E90ECD1A-E0AF-4271-B6A0-87382720A075}.Release|Xbox 360.Build.0 = Release|Windows Phone
		{4D038C25-2159-46C9-A330-CE17D7AB3684}.Debug|Any CPU.ActiveCfg = Debug|x86
		{4D038C25-2159-46C9-A330-CE17D7AB3684}.Debug|Mixed Platforms.ActiveCfg = Debug|x86
		{4D038C25-2159-46C9-A330-CE17D7AB3684}.Debug|Mixed Platforms.Build.0 = Debug|x86
		{4D038C25-2159-46C9-A330-CE17D7AB3684}.Debug|Windows Phone.ActiveCfg = Debug|x86
		{4D038C25-2159-46C9-A330-CE17D7AB3684}.Debug|x86.ActiveCfg = Debug|x86
		{4D038C25-2159-46C9-A330-CE17D7AB3684}.Debug|x86.Build.0 = Debug|x86
		{4D038C25-2159-46C9-A330-CE17D7AB3684}.Debug|Xbox 360.ActiveCfg = Debug|x86
		{4D038C25-2159-46C9-A330-CE17D7AB3684}.Release|Any CPU.ActiveCfg = Release|x86
		{4D038C25-2159-46C9-A330-CE17D7AB3684}.Release|Mixed Platforms.ActiveCfg = Release|x86
		{4D038C25-2159-46C9-A330-CE17D7AB3684}.Release|Mixed Platforms.Build.0 = Release|x86
		{4D038C25-2159-46C9-A330-CE17D7AB3684}.Release|Windows Phone.ActiveCfg = Release|x86
		{4D038C25-2159-46C9-A330-CE17D7AB3684}.Release|x86.ActiveCfg = Release|x86
		{4D038C25-2159-46C9-A330-CE17D7AB3684}.Release|x86.Build.0 = Release|x86
		{4D038C25-2159-46C9-A330-CE17D7AB3684}.Release|Xbox 360.ActiveCfg = Release|x86
		{2EFFFC06-6FCF-4ACE-9E88-E68E938E87C2}.Debug|Any CPU.ActiveCfg = Debug|x86
		{2EFFFC06-6FCF-4ACE-9E88-E68E938E87C2}.Debug|Mixed Platforms.ActiveCfg = Debug|x86
		{2EFFFC06-6FCF-4ACE-9E88-E68E938E87C2}.Debug|Mixed Platforms.Build.0 = Debug|x86
		{2EFFFC06-6FCF-4ACE-9E88-E68E938E87C2}.Debug|Windows Phone.ActiveCfg = Debug|x86
		{2EFFFC06-6FCF-4ACE-9E88-E68E938E87C2}.Debug|x86.ActiveCfg = Debug|x86
		{2EFFFC06-6FCF-4ACE-9E88-E68E938E87C2}.Debug|x86.Build.0 = Debug|x86
		{2EFFFC06-6FCF-4ACE-9E88-E68E938E87C2}.Debug|Xbox 360.ActiveCfg = Debug|x86
		{2EFFFC06-6FCF-4ACE-9E88-E68E938E87C2}.Release|Any CPU.ActiveCfg = Release|x86
		{2EFFFC06-6FCF-4ACE-9E88-E68E938E87C2}.Release|Mixed Platforms.ActiveCfg = Release|x86
		{2EFFFC06-6FCF-4ACE-9E88-E68E938E87C2}.Release|Mixed Platforms.Build.0 = Release|x86
		{2EFFFC06-6FCF-4ACE-9E88-E68E938E87C2}.Release|Windows Phone.ActiveCfg = Release|x86
		{2EFFFC06-6FCF-4ACE-9E88-E68E938E87C2}.Release|x86.ActiveCfg = Release|x86
		{2EFFFC06-6FCF-4ACE-9E88-E68E938E87C2}.Release|x86.Build.0 = Release|x86
		{2EFFFC06-6FCF-4ACE-9E88-E68E938E87C2}.Release|Xbox 360.ActiveCfg = Release|x86
	EndGlobalSection
	GlobalSection(SolutionProperties) = preSolution
		HideSolutionNode = FALSE
	EndGlobalSection
EndGlobal
